
Microsoft Visual Studio Solution File, Format Version 12.00
# Visual Studio Version 17
VisualStudioVersion = 17.0.31919.166
MinimumVisualStudioVersion = 10.0.40219.1
Project("{FAE04EC0-301F-11D3-BF4B-00C04F79EFBC}") = "Cb.RabbitMq", "Cb.RabbitMq.csproj", "{02867E69-A43C-491B-969B-A0A5D00C2C5E}"
EndProject
Global
	GlobalSection(SolutionConfigurationPlatforms) = preSolution
		Debug|Any CPU = Debug|Any CPU
		Release|Any CPU = Release|Any CPU
	EndGlobalSection
	GlobalSection(ProjectConfigurationPlatforms) = postSolution
		{02867E69-A43C-491B-969B-A0A5D00C2C5E}.Debug|Any CPU.ActiveCfg = Debug|Any CPU
		{02867E69-A43C-491B-969B-A0A5D00C2C5E}.Debug|Any CPU.Build.0 = Debug|Any CPU
		{02867E69-A43C-491B-969B-A0A5D00C2C5E}.Release|Any CPU.ActiveCfg = Release|Any CPU
		{02867E69-A43C-491B-969B-A0A5D00C2C5E}.Release|Any CPU.Build.0 = Release|Any CPU
	EndGlobalSection
	GlobalSection(SolutionProperties) = preSolution
		HideSolutionNode = FALSE
	EndGlobalSection
	GlobalSection(ExtensibilityGlobals) = postSolution
		SolutionGuid = {6832B5BB-65B5-40F4-A9B5-BE901DFB1177}
	EndGlobalSection
EndGlobal
